
Microsoft Visual Studio Solution File, Format Version 12.00
# Visual Studio Version 17
VisualStudioVersion = 17.0.31912.275
MinimumVisualStudioVersion = 10.0.40219.1
Project("{8BC9CEB8-8B4A-11D0-8D11-00A0C91BC942}") = "Lab08_E_Bai02", "Lab08_E_Bai02.vcxproj", "{DB7D8E36-FCF9-4883-926D-25ABF0814788}"
EndProject
Global
	GlobalSection(SolutionConfigurationPlatforms) = preSolution
		Debug|x64 = Debug|x64
		Debug|x86 = Debug|x86
		Release|x64 = Release|x64
		Release|x86 = Release|x86
	EndGlobalSection
	GlobalSection(ProjectConfigurationPlatforms) = postSolution
		{DB7D8E36-FCF9-4883-926D-25ABF0814788}.Debug|x64.ActiveCfg = Debug|x64
		{DB7D8E36-FCF9-4883-926D-25ABF0814788}.Debug|x64.Build.0 = Debug|x64
		{DB7D8E36-FCF9-4883-926D-25ABF0814788}.Debug|x86.ActiveCfg = Debug|Win32
		{DB7D8E36-FCF9-4883-926D-25ABF0814788}.Debug|x86.Build.0 = Debug|Win32
		{DB7D8E36-FCF9-4883-926D-25ABF0814788}.Release|x64.ActiveCfg = Release|x64
		{DB7D8E36-FCF9-4883-926D-25ABF0814788}.Release|x64.Build.0 = Release|x64
		{DB7D8E36-FCF9-4883-926D-25ABF0814788}.Release|x86.ActiveCfg = Release|Win32
		{DB7D8E36-FCF9-4883-926D-25ABF0814788}.Release|x86.Build.0 = Release|Win32
	EndGlobalSection
	GlobalSection(SolutionProperties) = preSolution
		HideSolutionNode = FALSE
	EndGlobalSection
	GlobalSection(ExtensibilityGlobals) = postSolution
		SolutionGuid = {CF0B91AE-02D9-4015-BA6E-17373E5F2E94}
	EndGlobalSection
EndGlobal
