
Microsoft Visual Studio Solution File, Format Version 12.00
# Visual Studio Version 17
VisualStudioVersion = 17.0.31903.59
MinimumVisualStudioVersion = 10.0.40219.1
Project("{8BC9CEB8-8B4A-11D0-8D11-00A0C91BC942}") = "Lab03_Bai03_PhanLoaiTamGiac", "Lab03_Bai03_PhanLoaiTamGiac.vcxproj", "{9087E650-2204-4D2B-8110-3E7169D5B29F}"
EndProject
Global
	GlobalSection(SolutionConfigurationPlatforms) = preSolution
		Debug|x64 = Debug|x64
		Debug|x86 = Debug|x86
		Release|x64 = Release|x64
		Release|x86 = Release|x86
	EndGlobalSection
	GlobalSection(ProjectConfigurationPlatforms) = postSolution
		{9087E650-2204-4D2B-8110-3E7169D5B29F}.Debug|x64.ActiveCfg = Debug|x64
		{9087E650-2204-4D2B-8110-3E7169D5B29F}.Debug|x64.Build.0 = Debug|x64
		{9087E650-2204-4D2B-8110-3E7169D5B29F}.Debug|x86.ActiveCfg = Debug|Win32
		{9087E650-2204-4D2B-8110-3E7169D5B29F}.Debug|x86.Build.0 = Debug|Win32
		{9087E650-2204-4D2B-8110-3E7169D5B29F}.Release|x64.ActiveCfg = Release|x64
		{9087E650-2204-4D2B-8110-3E7169D5B29F}.Release|x64.Build.0 = Release|x64
		{9087E650-2204-4D2B-8110-3E7169D5B29F}.Release|x86.ActiveCfg = Release|Win32
		{9087E650-2204-4D2B-8110-3E7169D5B29F}.Release|x86.Build.0 = Release|Win32
	EndGlobalSection
	GlobalSection(SolutionProperties) = preSolution
		HideSolutionNode = FALSE
	EndGlobalSection
	GlobalSection(ExtensibilityGlobals) = postSolution
		SolutionGuid = {BFD728F8-7A5F-419D-B426-210B4BED0E59}
	EndGlobalSection
EndGlobal
