
Microsoft Visual Studio Solution File, Format Version 12.00
# Visual Studio Version 17
VisualStudioVersion = 17.0.31912.275
MinimumVisualStudioVersion = 10.0.40219.1
Project("{8BC9CEB8-8B4A-11D0-8D11-00A0C91BC942}") = "Lab07_E_Bai02", "Lab07_E_Bai02.vcxproj", "{DF73FCAF-4E25-4031-A8C4-1E2B4CBEA6E3}"
EndProject
Global
	GlobalSection(SolutionConfigurationPlatforms) = preSolution
		Debug|x64 = Debug|x64
		Debug|x86 = Debug|x86
		Release|x64 = Release|x64
		Release|x86 = Release|x86
	EndGlobalSection
	GlobalSection(ProjectConfigurationPlatforms) = postSolution
		{DF73FCAF-4E25-4031-A8C4-1E2B4CBEA6E3}.Debug|x64.ActiveCfg = Debug|x64
		{DF73FCAF-4E25-4031-A8C4-1E2B4CBEA6E3}.Debug|x64.Build.0 = Debug|x64
		{DF73FCAF-4E25-4031-A8C4-1E2B4CBEA6E3}.Debug|x86.ActiveCfg = Debug|Win32
		{DF73FCAF-4E25-4031-A8C4-1E2B4CBEA6E3}.Debug|x86.Build.0 = Debug|Win32
		{DF73FCAF-4E25-4031-A8C4-1E2B4CBEA6E3}.Release|x64.ActiveCfg = Release|x64
		{DF73FCAF-4E25-4031-A8C4-1E2B4CBEA6E3}.Release|x64.Build.0 = Release|x64
		{DF73FCAF-4E25-4031-A8C4-1E2B4CBEA6E3}.Release|x86.ActiveCfg = Release|Win32
		{DF73FCAF-4E25-4031-A8C4-1E2B4CBEA6E3}.Release|x86.Build.0 = Release|Win32
	EndGlobalSection
	GlobalSection(SolutionProperties) = preSolution
		HideSolutionNode = FALSE
	EndGlobalSection
	GlobalSection(ExtensibilityGlobals) = postSolution
		SolutionGuid = {F706D602-E871-4BA5-81E0-87586BFB3311}
	EndGlobalSection
EndGlobal
