
Microsoft Visual Studio Solution File, Format Version 12.00
# Visual Studio Version 17
VisualStudioVersion = 17.0.31912.275
MinimumVisualStudioVersion = 10.0.40219.1
Project("{8BC9CEB8-8B4A-11D0-8D11-00A0C91BC942}") = "Lab05_D_Bai04", "Lab05_D_Bai04.vcxproj", "{777C99DA-BC18-42C1-9A8D-CA00113B6301}"
EndProject
Global
	GlobalSection(SolutionConfigurationPlatforms) = preSolution
		Debug|x64 = Debug|x64
		Debug|x86 = Debug|x86
		Release|x64 = Release|x64
		Release|x86 = Release|x86
	EndGlobalSection
	GlobalSection(ProjectConfigurationPlatforms) = postSolution
		{777C99DA-BC18-42C1-9A8D-CA00113B6301}.Debug|x64.ActiveCfg = Debug|x64
		{777C99DA-BC18-42C1-9A8D-CA00113B6301}.Debug|x64.Build.0 = Debug|x64
		{777C99DA-BC18-42C1-9A8D-CA00113B6301}.Debug|x86.ActiveCfg = Debug|Win32
		{777C99DA-BC18-42C1-9A8D-CA00113B6301}.Debug|x86.Build.0 = Debug|Win32
		{777C99DA-BC18-42C1-9A8D-CA00113B6301}.Release|x64.ActiveCfg = Release|x64
		{777C99DA-BC18-42C1-9A8D-CA00113B6301}.Release|x64.Build.0 = Release|x64
		{777C99DA-BC18-42C1-9A8D-CA00113B6301}.Release|x86.ActiveCfg = Release|Win32
		{777C99DA-BC18-42C1-9A8D-CA00113B6301}.Release|x86.Build.0 = Release|Win32
	EndGlobalSection
	GlobalSection(SolutionProperties) = preSolution
		HideSolutionNode = FALSE
	EndGlobalSection
	GlobalSection(ExtensibilityGlobals) = postSolution
		SolutionGuid = {49A863AB-378E-40F7-8076-C59B3D06303F}
	EndGlobalSection
EndGlobal
