
Microsoft Visual Studio Solution File, Format Version 12.00
# Visual Studio Version 17
VisualStudioVersion = 17.0.31912.275
MinimumVisualStudioVersion = 10.0.40219.1
Project("{8BC9CEB8-8B4A-11D0-8D11-00A0C91BC942}") = "2115229_Lab09_D_Bai04", "2115229_Lab09_D_Bai04.vcxproj", "{42752CCD-1355-4FF9-97B6-1009353A6A8C}"
EndProject
Global
	GlobalSection(SolutionConfigurationPlatforms) = preSolution
		Debug|x64 = Debug|x64
		Debug|x86 = Debug|x86
		Release|x64 = Release|x64
		Release|x86 = Release|x86
	EndGlobalSection
	GlobalSection(ProjectConfigurationPlatforms) = postSolution
		{42752CCD-1355-4FF9-97B6-1009353A6A8C}.Debug|x64.ActiveCfg = Debug|x64
		{42752CCD-1355-4FF9-97B6-1009353A6A8C}.Debug|x64.Build.0 = Debug|x64
		{42752CCD-1355-4FF9-97B6-1009353A6A8C}.Debug|x86.ActiveCfg = Debug|Win32
		{42752CCD-1355-4FF9-97B6-1009353A6A8C}.Debug|x86.Build.0 = Debug|Win32
		{42752CCD-1355-4FF9-97B6-1009353A6A8C}.Release|x64.ActiveCfg = Release|x64
		{42752CCD-1355-4FF9-97B6-1009353A6A8C}.Release|x64.Build.0 = Release|x64
		{42752CCD-1355-4FF9-97B6-1009353A6A8C}.Release|x86.ActiveCfg = Release|Win32
		{42752CCD-1355-4FF9-97B6-1009353A6A8C}.Release|x86.Build.0 = Release|Win32
	EndGlobalSection
	GlobalSection(SolutionProperties) = preSolution
		HideSolutionNode = FALSE
	EndGlobalSection
	GlobalSection(ExtensibilityGlobals) = postSolution
		SolutionGuid = {B958E16E-EC32-413C-9B2B-8F511920D706}
	EndGlobalSection
EndGlobal
