
Microsoft Visual Studio Solution File, Format Version 12.00
# Visual Studio Version 17
VisualStudioVersion = 17.0.31912.275
MinimumVisualStudioVersion = 10.0.40219.1
Project("{8BC9CEB8-8B4A-11D0-8D11-00A0C91BC942}") = "2115229_Lab10_D_Bai02", "2115229_Lab10_D_Bai02.vcxproj", "{13144A7E-B058-4B5C-9782-07FA41368EAC}"
EndProject
Global
	GlobalSection(SolutionConfigurationPlatforms) = preSolution
		Debug|x64 = Debug|x64
		Debug|x86 = Debug|x86
		Release|x64 = Release|x64
		Release|x86 = Release|x86
	EndGlobalSection
	GlobalSection(ProjectConfigurationPlatforms) = postSolution
		{13144A7E-B058-4B5C-9782-07FA41368EAC}.Debug|x64.ActiveCfg = Debug|x64
		{13144A7E-B058-4B5C-9782-07FA41368EAC}.Debug|x64.Build.0 = Debug|x64
		{13144A7E-B058-4B5C-9782-07FA41368EAC}.Debug|x86.ActiveCfg = Debug|Win32
		{13144A7E-B058-4B5C-9782-07FA41368EAC}.Debug|x86.Build.0 = Debug|Win32
		{13144A7E-B058-4B5C-9782-07FA41368EAC}.Release|x64.ActiveCfg = Release|x64
		{13144A7E-B058-4B5C-9782-07FA41368EAC}.Release|x64.Build.0 = Release|x64
		{13144A7E-B058-4B5C-9782-07FA41368EAC}.Release|x86.ActiveCfg = Release|Win32
		{13144A7E-B058-4B5C-9782-07FA41368EAC}.Release|x86.Build.0 = Release|Win32
	EndGlobalSection
	GlobalSection(SolutionProperties) = preSolution
		HideSolutionNode = FALSE
	EndGlobalSection
	GlobalSection(ExtensibilityGlobals) = postSolution
		SolutionGuid = {39503F57-31A8-4946-8F2C-E5E4E192BCBE}
	EndGlobalSection
EndGlobal
